{
	"name": "@tooljet-plugins/dynamodb",
	"version": "1.0.0",
	"lockfileVersion": 1,
	"requires": true,
	"dependencies": {
		"available-typed-arrays": {
			"version": "1.0.5",
			"resolved": "https://registry.npmjs.org/available-typed-arrays/-/available-typed-arrays-1.0.5.tgz",
			"integrity": "sha512-DMD0KiN46eipeziST1LPP/STfDU0sufISXmjSgvVsoU2tqxctQeASejWcfNtxYKqETM1UxQ8sp2OrSBWpHY6sw=="
		},
		"aws-sdk": {
			"version": "2.1354.0",
			"resolved": "https://registry.npmjs.org/aws-sdk/-/aws-sdk-2.1354.0.tgz",
			"integrity": "sha512-3aDxvyuOqMB9DqJguCq6p8momdsz0JR1axwkWOOCzHA7a35+Bw+WLmqt3pWwRjR1tGIwkkZ2CvGJObYHsOuw3w==",
			"requires": {
				"buffer": "4.9.2",
				"events": "1.1.1",
				"ieee754": "1.1.13",
				"jmespath": "0.16.0",
				"querystring": "0.2.0",
				"sax": "1.2.1",
				"url": "0.10.3",
				"util": "^0.12.4",
				"uuid": "8.0.0",
				"xml2js": "0.5.0"
			}
		},
		"balanced-match": {
			"version": "1.0.2",
			"resolved": "https://registry.npmjs.org/balanced-match/-/balanced-match-1.0.2.tgz",
			"integrity": "sha512-3oSeUO0TMV67hN1AmbXsK4yaqU7tjiHlbxRDZOpH0KW9+CeX4bRAaX0Anxt0tx2MrpRpWwQaPwIlISEJhYU5Pw=="
		},
		"base64-js": {
			"version": "1.5.1",
			"resolved": "https://registry.npmjs.org/base64-js/-/base64-js-1.5.1.tgz",
			"integrity": "sha512-AKpaYlHn8t4SVbOHCy+b5+KKgvR4vrsD8vbvrbiQJps7fKDTkjkDry6ji0rUJjC0kzbNePLwzxq8iypo41qeWA=="
		},
		"brace-expansion": {
			"version": "1.1.11",
			"resolved": "https://registry.npmjs.org/brace-expansion/-/brace-expansion-1.1.11.tgz",
			"integrity": "sha512-iCuPHDFgrHX7H2vEI/5xpz07zSHB00TpugqhmYtVmMO6518mCuRMoOYFldEBl0g187ufozdaHgWKcYFb61qGiA==",
			"requires": {
				"balanced-match": "^1.0.0",
				"concat-map": "0.0.1"
			}
		},
		"buffer": {
			"version": "4.9.2",
			"resolved": "https://registry.npmjs.org/buffer/-/buffer-4.9.2.tgz",
			"integrity": "sha512-xq+q3SRMOxGivLhBNaUdC64hDTQwejJ+H0T/NB1XMtTVEwNTrfFF3gAxiyW0Bu/xWEGhjVKgUcMhCrUy2+uCWg==",
			"requires": {
				"base64-js": "^1.0.2",
				"ieee754": "^1.1.4",
				"isarray": "^1.0.0"
			}
		},
		"call-bind": {
			"version": "1.0.2",
			"resolved": "https://registry.npmjs.org/call-bind/-/call-bind-1.0.2.tgz",
			"integrity": "sha512-7O+FbCihrB5WGbFYesctwmTKae6rOiIzmz1icreWJ+0aA7LJfuqhEso2T9ncpcFtzMQtzXf2QGGueWJGTYsqrA==",
			"requires": {
				"function-bind": "^1.1.1",
				"get-intrinsic": "^1.0.2"
			}
		},
		"concat-map": {
			"version": "0.0.1",
			"resolved": "https://registry.npmjs.org/concat-map/-/concat-map-0.0.1.tgz",
			"integrity": "sha1-2Klr13/Wjfd5OnMDajug1UBdR3s="
		},
		"events": {
			"version": "1.1.1",
			"resolved": "https://registry.npmjs.org/events/-/events-1.1.1.tgz",
			"integrity": "sha512-kEcvvCBByWXGnZy6JUlgAp2gBIUjfCAV6P6TgT1/aaQKcmuAEC4OZTV1I4EWQLz2gxZw76atuVyvHhTxvi0Flw=="
		},
		"for-each": {
			"version": "0.3.3",
			"resolved": "https://registry.npmjs.org/for-each/-/for-each-0.3.3.tgz",
			"integrity": "sha512-jqYfLp7mo9vIyQf8ykW2v7A+2N4QjeCeI5+Dz9XraiO1ign81wjiH7Fb9vSOWvQfNtmSa4H2RoQTrrXivdUZmw==",
			"requires": {
				"is-callable": "^1.1.3"
			}
		},
		"fs.realpath": {
			"version": "1.0.0",
			"resolved": "https://registry.npmjs.org/fs.realpath/-/fs.realpath-1.0.0.tgz",
			"integrity": "sha1-FQStJSMVjKpA20onh8sBQRmU6k8="
		},
		"function-bind": {
			"version": "1.1.1",
			"resolved": "https://registry.npmjs.org/function-bind/-/function-bind-1.1.1.tgz",
			"integrity": "sha512-yIovAzMX49sF8Yl58fSCWJ5svSLuaibPxXQJFLmBObTuCr0Mf1KiPopGM9NiFjiYBCbfaa2Fh6breQ6ANVTI0A=="
		},
		"get-intrinsic": {
			"version": "1.2.0",
			"resolved": "https://registry.npmjs.org/get-intrinsic/-/get-intrinsic-1.2.0.tgz",
			"integrity": "sha512-L049y6nFOuom5wGyRc3/gdTLO94dySVKRACj1RmJZBQXlbTMhtNIgkWkUHq+jYmZvKf14EW1EoJnnjbmoHij0Q==",
			"requires": {
				"function-bind": "^1.1.1",
				"has": "^1.0.3",
				"has-symbols": "^1.0.3"
			}
		},
		"glob": {
			"version": "7.2.0",
			"resolved": "https://registry.npmjs.org/glob/-/glob-7.2.0.tgz",
			"integrity": "sha512-lmLf6gtyrPq8tTjSmrO94wBeQbFR3HbLHbuyD69wuyQkImp2hWqMGB47OX65FBkPffO641IP9jWa1z4ivqG26Q==",
			"requires": {
				"fs.realpath": "^1.0.0",
				"inflight": "^1.0.4",
				"inherits": "2",
				"minimatch": "^3.0.4",
				"once": "^1.3.0",
				"path-is-absolute": "^1.0.0"
			}
		},
		"gopd": {
			"version": "1.0.1",
			"resolved": "https://registry.npmjs.org/gopd/-/gopd-1.0.1.tgz",
			"integrity": "sha512-d65bNlIadxvpb/A2abVdlqKqV563juRnZ1Wtk6s1sIR8uNsXR70xqIzVqxVf1eTqDunwT2MkczEeaezCKTZhwA==",
			"requires": {
				"get-intrinsic": "^1.1.3"
			}
		},
		"has": {
			"version": "1.0.3",
			"resolved": "https://registry.npmjs.org/has/-/has-1.0.3.tgz",
			"integrity": "sha512-f2dvO0VU6Oej7RkWJGrehjbzMAjFp5/VKPp5tTpWIV4JHHZK1/BxbFRtf/siA2SWTe09caDmVtYYzWEIbBS4zw==",
			"requires": {
				"function-bind": "^1.1.1"
			}
		},
		"has-symbols": {
			"version": "1.0.3",
			"resolved": "https://registry.npmjs.org/has-symbols/-/has-symbols-1.0.3.tgz",
			"integrity": "sha512-l3LCuF6MgDNwTDKkdYGEihYjt5pRPbEg46rtlmnSPlUbgmB8LOIrKJbYYFBSbnPaJexMKtiPO8hmeRjRz2Td+A=="
		},
		"has-tostringtag": {
			"version": "1.0.0",
			"resolved": "https://registry.npmjs.org/has-tostringtag/-/has-tostringtag-1.0.0.tgz",
			"integrity": "sha512-kFjcSNhnlGV1kyoGk7OXKSawH5JOb/LzUc5w9B02hOTO0dfFRjbHQKvg1d6cf3HbeUmtU9VbbV3qzZ2Teh97WQ==",
			"requires": {
				"has-symbols": "^1.0.2"
			}
		},
		"ieee754": {
			"version": "1.1.13",
			"resolved": "https://registry.npmjs.org/ieee754/-/ieee754-1.1.13.tgz",
			"integrity": "sha512-4vf7I2LYV/HaWerSo3XmlMkp5eZ83i+/CDluXi/IGTs/O1sejBNhTtnxzmRZfvOUqj7lZjqHkeTvpgSFDlWZTg=="
		},
		"inflight": {
			"version": "1.0.6",
			"resolved": "https://registry.npmjs.org/inflight/-/inflight-1.0.6.tgz",
			"integrity": "sha1-Sb1jMdfQLQwJvJEKEHW6gWW1bfk=",
			"requires": {
				"once": "^1.3.0",
				"wrappy": "1"
			}
		},
		"inherits": {
			"version": "2.0.4",
			"resolved": "https://registry.npmjs.org/inherits/-/inherits-2.0.4.tgz",
			"integrity": "sha512-k/vGaX4/Yla3WzyMCvTQOXYeIHvqOKtnqBduzTHpzpQZzAskKMhZ2K+EnBiSM9zGSoIFeMpXKxa4dYeZIQqewQ=="
		},
		"is-arguments": {
			"version": "1.1.1",
			"resolved": "https://registry.npmjs.org/is-arguments/-/is-arguments-1.1.1.tgz",
			"integrity": "sha512-8Q7EARjzEnKpt/PCD7e1cgUS0a6X8u5tdSiMqXhojOdoV9TsMsiO+9VLC5vAmO8N7/GmXn7yjR8qnA6bVAEzfA==",
			"requires": {
				"call-bind": "^1.0.2",
				"has-tostringtag": "^1.0.0"
			}
		},
		"is-callable": {
			"version": "1.2.7",
			"resolved": "https://registry.npmjs.org/is-callable/-/is-callable-1.2.7.tgz",
			"integrity": "sha512-1BC0BVFhS/p0qtw6enp8e+8OD0UrK0oFLztSjNzhcKA3WDuJxxAPXzPuPtKkjEY9UUoEWlX/8fgKeu2S8i9JTA=="
		},
		"is-generator-function": {
			"version": "1.0.10",
			"resolved": "https://registry.npmjs.org/is-generator-function/-/is-generator-function-1.0.10.tgz",
			"integrity": "sha512-jsEjy9l3yiXEQ+PsXdmBwEPcOxaXWLspKdplFUVI9vq1iZgIekeC0L167qeu86czQaxed3q/Uzuw0swL0irL8A==",
			"requires": {
				"has-tostringtag": "^1.0.0"
			}
		},
		"is-typed-array": {
			"version": "1.1.10",
			"resolved": "https://registry.npmjs.org/is-typed-array/-/is-typed-array-1.1.10.tgz",
			"integrity": "sha512-PJqgEHiWZvMpaFZ3uTc8kHPM4+4ADTlDniuQL7cU/UDA0Ql7F70yGfHph3cLNe+c9toaigv+DFzTJKhc2CtO6A==",
			"requires": {
				"available-typed-arrays": "^1.0.5",
				"call-bind": "^1.0.2",
				"for-each": "^0.3.3",
				"gopd": "^1.0.1",
				"has-tostringtag": "^1.0.0"
			}
		},
		"isarray": {
			"version": "1.0.0",
			"resolved": "https://registry.npmjs.org/isarray/-/isarray-1.0.0.tgz",
			"integrity": "sha512-VLghIWNM6ELQzo7zwmcg0NmTVyWKYjvIeM83yjp0wRDTmUnrM678fQbcKBo6n2CJEF0szoG//ytg+TKla89ALQ=="
		},
		"jmespath": {
			"version": "0.16.0",
			"resolved": "https://registry.npmjs.org/jmespath/-/jmespath-0.16.0.tgz",
			"integrity": "sha512-9FzQjJ7MATs1tSpnco1K6ayiYE3figslrXA72G2HQ/n76RzvYlofyi5QM+iX4YRs/pu3yzxlVQSST23+dMDknw=="
		},
		"minimatch": {
			"version": "3.0.4",
			"resolved": "https://registry.npmjs.org/minimatch/-/minimatch-3.0.4.tgz",
			"integrity": "sha512-yJHVQEhyqPLUTgt9B83PXu6W3rx4MvvHvSUvToogpwoGDOUQ+yDrR0HRot+yOCdCO7u4hX3pWft6kWBBcqh0UA==",
			"requires": {
				"brace-expansion": "^1.1.7"
			}
		},
		"once": {
			"version": "1.4.0",
			"resolved": "https://registry.npmjs.org/once/-/once-1.4.0.tgz",
			"integrity": "sha1-WDsap3WWHUsROsF9nFC6753Xa9E=",
			"requires": {
				"wrappy": "1"
			}
		},
		"path-is-absolute": {
			"version": "1.0.1",
			"resolved": "https://registry.npmjs.org/path-is-absolute/-/path-is-absolute-1.0.1.tgz",
			"integrity": "sha1-F0uSaHNVNP+8es5r9TpanhtcX18="
		},
		"punycode": {
			"version": "1.3.2",
			"resolved": "https://registry.npmjs.org/punycode/-/punycode-1.3.2.tgz",
			"integrity": "sha512-RofWgt/7fL5wP1Y7fxE7/EmTLzQVnB0ycyibJ0OOHIlJqTNzglYFxVwETOcIoJqJmpDXJ9xImDv+Fq34F/d4Dw=="
		},
		"querystring": {
			"version": "0.2.0",
			"resolved": "https://registry.npmjs.org/querystring/-/querystring-0.2.0.tgz",
			"integrity": "sha512-X/xY82scca2tau62i9mDyU9K+I+djTMUsvwf7xnUX5GLvVzgJybOJf4Y6o9Zx3oJK/LSXg5tTZBjwzqVPaPO2g=="
		},
		"rimraf": {
			"version": "3.0.2",
			"resolved": "https://registry.npmjs.org/rimraf/-/rimraf-3.0.2.tgz",
			"integrity": "sha512-JZkJMZkAGFFPP2YqXZXPbMlMBgsxzE8ILs4lMIX/2o0L9UBw9O/Y3o6wFw/i9YLapcUJWwqbi3kdxIPdC62TIA==",
			"requires": {
				"glob": "^7.1.3"
			}
		},
		"sax": {
			"version": "1.2.1",
			"resolved": "https://registry.npmjs.org/sax/-/sax-1.2.1.tgz",
			"integrity": "sha512-8I2a3LovHTOpm7NV5yOyO8IHqgVsfK4+UuySrXU8YXkSRX7k6hCV9b3HrkKCr3nMpgj+0bmocaJJWpvp1oc7ZA=="
		},
		"url": {
			"version": "0.10.3",
			"resolved": "https://registry.npmjs.org/url/-/url-0.10.3.tgz",
			"integrity": "sha512-hzSUW2q06EqL1gKM/a+obYHLIO6ct2hwPuviqTTOcfFVc61UbfJ2Q32+uGL/HCPxKqrdGB5QUwIe7UqlDgwsOQ==",
			"requires": {
				"punycode": "1.3.2",
				"querystring": "0.2.0"
			}
		},
		"util": {
			"version": "0.12.5",
			"resolved": "https://registry.npmjs.org/util/-/util-0.12.5.tgz",
			"integrity": "sha512-kZf/K6hEIrWHI6XqOFUiiMa+79wE/D8Q+NCNAWclkyg3b4d2k7s0QGepNjiABc+aR3N1PAyHL7p6UcLY6LmrnA==",
			"requires": {
				"inherits": "^2.0.3",
				"is-arguments": "^1.0.4",
				"is-generator-function": "^1.0.7",
				"is-typed-array": "^1.1.3",
				"which-typed-array": "^1.1.2"
			}
		},
		"uuid": {
			"version": "8.0.0",
			"resolved": "https://registry.npmjs.org/uuid/-/uuid-8.0.0.tgz",
			"integrity": "sha512-jOXGuXZAWdsTH7eZLtyXMqUb9EcWMGZNbL9YcGBJl4MH4nrxHmZJhEHvyLFrkxo+28uLb/NYRcStH48fnD0Vzw=="
		},
		"which-typed-array": {
			"version": "1.1.9",
			"resolved": "https://registry.npmjs.org/which-typed-array/-/which-typed-array-1.1.9.tgz",
			"integrity": "sha512-w9c4xkx6mPidwp7180ckYWfMmvxpjlZuIudNtDf4N/tTAUB8VJbX25qZoAsrtGuYNnGw3pa0AXgbGKRB8/EceA==",
			"requires": {
				"available-typed-arrays": "^1.0.5",
				"call-bind": "^1.0.2",
				"for-each": "^0.3.3",
				"gopd": "^1.0.1",
				"has-tostringtag": "^1.0.0",
				"is-typed-array": "^1.1.10"
			}
		},
		"wrappy": {
			"version": "1.0.2",
			"resolved": "https://registry.npmjs.org/wrappy/-/wrappy-1.0.2.tgz",
			"integrity": "sha1-tSQ9jz7BqjXxNkYFvA0QNuMKtp8="
		},
		"xml2js": {
			"version": "0.5.0",
			"resolved": "https://registry.npmjs.org/xml2js/-/xml2js-0.5.0.tgz",
			"integrity": "sha512-drPFnkQJik/O+uPKpqSgr22mpuFHqKdbS835iAQrUC73L2F5WkboIRd63ai/2Yg6I1jzifPFKH2NTK+cfglkIA==",
			"requires": {
				"sax": ">=0.6.0",
				"xmlbuilder": "~11.0.0"
			}
		},
		"xmlbuilder": {
			"version": "11.0.1",
			"resolved": "https://registry.npmjs.org/xmlbuilder/-/xmlbuilder-11.0.1.tgz",
			"integrity": "sha512-fDlsI/kFEx7gLvbecc0/ohLG50fugQp8ryHzMTuW9vSa1GJ0XYWKnhsUx7oie3G98+r56aTQIUB4kht42R3JvA=="
		}
	}
}
