{
	"name": "twilioapi",
	"version": "1.0.0",
	"lockfileVersion": 1,
	"requires": true,
	"dependencies": {
		"@tooljet-plugins/common": {
			"version": "file:../common",
			"requires": {
				"react": "^17.0.2",
				"rimraf": "^3.0.2"
			},
			"dependencies": {
				"balanced-match": {
					"version": "1.0.2",
					"resolved": "https://registry.npmjs.org/balanced-match/-/balanced-match-1.0.2.tgz",
					"integrity": "sha512-3oSeUO0TMV67hN1AmbXsK4yaqU7tjiHlbxRDZOpH0KW9+CeX4bRAaX0Anxt0tx2MrpRpWwQaPwIlISEJhYU5Pw=="
				},
				"brace-expansion": {
					"version": "1.1.11",
					"resolved": "https://registry.npmjs.org/brace-expansion/-/brace-expansion-1.1.11.tgz",
					"integrity": "sha512-iCuPHDFgrHX7H2vEI/5xpz07zSHB00TpugqhmYtVmMO6518mCuRMoOYFldEBl0g187ufozdaHgWKcYFb61qGiA==",
					"requires": {
						"balanced-match": "^1.0.0",
						"concat-map": "0.0.1"
					}
				},
				"concat-map": {
					"version": "0.0.1",
					"resolved": "https://registry.npmjs.org/concat-map/-/concat-map-0.0.1.tgz",
					"integrity": "sha1-2Klr13/Wjfd5OnMDajug1UBdR3s="
				},
				"fs.realpath": {
					"version": "1.0.0",
					"resolved": "https://registry.npmjs.org/fs.realpath/-/fs.realpath-1.0.0.tgz",
					"integrity": "sha1-FQStJSMVjKpA20onh8sBQRmU6k8="
				},
				"glob": {
					"version": "7.2.0",
					"resolved": "https://registry.npmjs.org/glob/-/glob-7.2.0.tgz",
					"integrity": "sha512-lmLf6gtyrPq8tTjSmrO94wBeQbFR3HbLHbuyD69wuyQkImp2hWqMGB47OX65FBkPffO641IP9jWa1z4ivqG26Q==",
					"requires": {
						"fs.realpath": "^1.0.0",
						"inflight": "^1.0.4",
						"inherits": "2",
						"minimatch": "^3.0.4",
						"once": "^1.3.0",
						"path-is-absolute": "^1.0.0"
					}
				},
				"inflight": {
					"version": "1.0.6",
					"resolved": "https://registry.npmjs.org/inflight/-/inflight-1.0.6.tgz",
					"integrity": "sha1-Sb1jMdfQLQwJvJEKEHW6gWW1bfk=",
					"requires": {
						"once": "^1.3.0",
						"wrappy": "1"
					}
				},
				"inherits": {
					"version": "2.0.4",
					"resolved": "https://registry.npmjs.org/inherits/-/inherits-2.0.4.tgz",
					"integrity": "sha512-k/vGaX4/Yla3WzyMCvTQOXYeIHvqOKtnqBduzTHpzpQZzAskKMhZ2K+EnBiSM9zGSoIFeMpXKxa4dYeZIQqewQ=="
				},
				"js-tokens": {
					"version": "4.0.0",
					"resolved": "https://registry.npmjs.org/js-tokens/-/js-tokens-4.0.0.tgz",
					"integrity": "sha512-RdJUflcE3cUzKiMqQgsCu06FPu9UdIJO0beYbPhHN4k6apgJtifcoCtT9bcxOpYBtpD2kCM6Sbzg4CausW/PKQ=="
				},
				"loose-envify": {
					"version": "1.4.0",
					"resolved": "https://registry.npmjs.org/loose-envify/-/loose-envify-1.4.0.tgz",
					"integrity": "sha512-lyuxPGr/Wfhrlem2CL/UcnUc1zcqKAImBDzukY7Y5F/yQiNdko6+fRLevlw1HgMySw7f611UIY408EtxRSoK3Q==",
					"requires": {
						"js-tokens": "^3.0.0 || ^4.0.0"
					}
				},
				"minimatch": {
					"version": "3.0.4",
					"resolved": "https://registry.npmjs.org/minimatch/-/minimatch-3.0.4.tgz",
					"integrity": "sha512-yJHVQEhyqPLUTgt9B83PXu6W3rx4MvvHvSUvToogpwoGDOUQ+yDrR0HRot+yOCdCO7u4hX3pWft6kWBBcqh0UA==",
					"requires": {
						"brace-expansion": "^1.1.7"
					}
				},
				"object-assign": {
					"version": "4.1.1",
					"resolved": "https://registry.npmjs.org/object-assign/-/object-assign-4.1.1.tgz",
					"integrity": "sha1-IQmtx5ZYh8/AXLvUQsrIv7s2CGM="
				},
				"once": {
					"version": "1.4.0",
					"resolved": "https://registry.npmjs.org/once/-/once-1.4.0.tgz",
					"integrity": "sha1-WDsap3WWHUsROsF9nFC6753Xa9E=",
					"requires": {
						"wrappy": "1"
					}
				},
				"path-is-absolute": {
					"version": "1.0.1",
					"resolved": "https://registry.npmjs.org/path-is-absolute/-/path-is-absolute-1.0.1.tgz",
					"integrity": "sha1-F0uSaHNVNP+8es5r9TpanhtcX18="
				},
				"react": {
					"version": "17.0.2",
					"resolved": "https://registry.npmjs.org/react/-/react-17.0.2.tgz",
					"integrity": "sha512-gnhPt75i/dq/z3/6q/0asP78D0u592D5L1pd7M8P+dck6Fu/jJeL6iVVK23fptSUZj8Vjf++7wXA8UNclGQcbA==",
					"requires": {
						"loose-envify": "^1.1.0",
						"object-assign": "^4.1.1"
					}
				},
				"rimraf": {
					"version": "3.0.2",
					"resolved": "https://registry.npmjs.org/rimraf/-/rimraf-3.0.2.tgz",
					"integrity": "sha512-JZkJMZkAGFFPP2YqXZXPbMlMBgsxzE8ILs4lMIX/2o0L9UBw9O/Y3o6wFw/i9YLapcUJWwqbi3kdxIPdC62TIA==",
					"requires": {
						"glob": "^7.1.3"
					}
				},
				"wrappy": {
					"version": "1.0.2",
					"resolved": "https://registry.npmjs.org/wrappy/-/wrappy-1.0.2.tgz",
					"integrity": "sha1-tSQ9jz7BqjXxNkYFvA0QNuMKtp8="
				}
			}
		},
		"agent-base": {
			"version": "6.0.2",
			"resolved": "https://registry.npmjs.org/agent-base/-/agent-base-6.0.2.tgz",
			"integrity": "sha512-RZNwNclF7+MS/8bDg70amg32dyeZGZxiDuQmZxKLAlQjr3jGyLx+4Kkk58UO7D2QdgFIQCovuSuZESne6RG6XQ==",
			"requires": {
				"debug": "4"
			}
		},
		"asap": {
			"version": "2.0.6",
			"resolved": "https://registry.npmjs.org/asap/-/asap-2.0.6.tgz",
			"integrity": "sha1-5QNHYR1+aQlDIIu9r+vLwvuGbUY="
		},
		"axios": {
			"version": "0.21.4",
			"resolved": "https://registry.npmjs.org/axios/-/axios-0.21.4.tgz",
			"integrity": "sha512-ut5vewkiu8jjGBdqpM44XxjuCjq9LAKeHVmoVfHVzy8eHgxxq8SbAVQNovDA8mVi05kP0Ea/n/UzcSHcTJQfNg==",
			"requires": {
				"follow-redirects": "^1.14.0"
			}
		},
		"balanced-match": {
			"version": "1.0.2",
			"resolved": "https://registry.npmjs.org/balanced-match/-/balanced-match-1.0.2.tgz",
			"integrity": "sha512-3oSeUO0TMV67hN1AmbXsK4yaqU7tjiHlbxRDZOpH0KW9+CeX4bRAaX0Anxt0tx2MrpRpWwQaPwIlISEJhYU5Pw=="
		},
		"brace-expansion": {
			"version": "1.1.11",
			"resolved": "https://registry.npmjs.org/brace-expansion/-/brace-expansion-1.1.11.tgz",
			"integrity": "sha512-iCuPHDFgrHX7H2vEI/5xpz07zSHB00TpugqhmYtVmMO6518mCuRMoOYFldEBl0g187ufozdaHgWKcYFb61qGiA==",
			"requires": {
				"balanced-match": "^1.0.0",
				"concat-map": "0.0.1"
			}
		},
		"buffer-equal-constant-time": {
			"version": "1.0.1",
			"resolved": "https://registry.npmjs.org/buffer-equal-constant-time/-/buffer-equal-constant-time-1.0.1.tgz",
			"integrity": "sha1-+OcRMvf/5uAaXJaXpMbz5I1cyBk="
		},
		"call-bind": {
			"version": "1.0.2",
			"resolved": "https://registry.npmjs.org/call-bind/-/call-bind-1.0.2.tgz",
			"integrity": "sha512-7O+FbCihrB5WGbFYesctwmTKae6rOiIzmz1icreWJ+0aA7LJfuqhEso2T9ncpcFtzMQtzXf2QGGueWJGTYsqrA==",
			"requires": {
				"function-bind": "^1.1.1",
				"get-intrinsic": "^1.0.2"
			}
		},
		"concat-map": {
			"version": "0.0.1",
			"resolved": "https://registry.npmjs.org/concat-map/-/concat-map-0.0.1.tgz",
			"integrity": "sha1-2Klr13/Wjfd5OnMDajug1UBdR3s="
		},
		"dayjs": {
			"version": "1.10.7",
			"resolved": "https://registry.npmjs.org/dayjs/-/dayjs-1.10.7.tgz",
			"integrity": "sha512-P6twpd70BcPK34K26uJ1KT3wlhpuOAPoMwJzpsIWUxHZ7wpmbdZL/hQqBDfz7hGurYSa5PhzdhDHtt319hL3ig=="
		},
		"debug": {
			"version": "4.3.3",
			"resolved": "https://registry.npmjs.org/debug/-/debug-4.3.3.tgz",
			"integrity": "sha512-/zxw5+vh1Tfv+4Qn7a5nsbcJKPaSvCDhojn6FEl9vupwK2VCSDtEiEtqr8DFtzYFOdz63LBkxec7DYuc2jon6Q==",
			"requires": {
				"ms": "2.1.2"
			}
		},
		"ecdsa-sig-formatter": {
			"version": "1.0.11",
			"resolved": "https://registry.npmjs.org/ecdsa-sig-formatter/-/ecdsa-sig-formatter-1.0.11.tgz",
			"integrity": "sha512-nagl3RYrbNv6kQkeJIpt6NJZy8twLB/2vtz6yN9Z4vRKHN4/QZJIEbqohALSgwKdnksuY3k5Addp5lg8sVoVcQ==",
			"requires": {
				"safe-buffer": "^5.0.1"
			}
		},
		"follow-redirects": {
			"version": "1.14.7",
			"resolved": "https://registry.npmjs.org/follow-redirects/-/follow-redirects-1.14.7.tgz",
			"integrity": "sha512-+hbxoLbFMbRKDwohX8GkTataGqO6Jb7jGwpAlwgy2bIz25XtRm7KEzJM76R1WiNT5SwZkX4Y75SwBolkpmE7iQ=="
		},
		"fs.realpath": {
			"version": "1.0.0",
			"resolved": "https://registry.npmjs.org/fs.realpath/-/fs.realpath-1.0.0.tgz",
			"integrity": "sha1-FQStJSMVjKpA20onh8sBQRmU6k8="
		},
		"function-bind": {
			"version": "1.1.1",
			"resolved": "https://registry.npmjs.org/function-bind/-/function-bind-1.1.1.tgz",
			"integrity": "sha512-yIovAzMX49sF8Yl58fSCWJ5svSLuaibPxXQJFLmBObTuCr0Mf1KiPopGM9NiFjiYBCbfaa2Fh6breQ6ANVTI0A=="
		},
		"get-intrinsic": {
			"version": "1.1.1",
			"resolved": "https://registry.npmjs.org/get-intrinsic/-/get-intrinsic-1.1.1.tgz",
			"integrity": "sha512-kWZrnVM42QCiEA2Ig1bG8zjoIMOgxWwYCEeNdwY6Tv/cOSeGpcoX4pXHfKUxNKVoArnrEr2e9srnAxxGIraS9Q==",
			"requires": {
				"function-bind": "^1.1.1",
				"has": "^1.0.3",
				"has-symbols": "^1.0.1"
			}
		},
		"glob": {
			"version": "7.2.0",
			"resolved": "https://registry.npmjs.org/glob/-/glob-7.2.0.tgz",
			"integrity": "sha512-lmLf6gtyrPq8tTjSmrO94wBeQbFR3HbLHbuyD69wuyQkImp2hWqMGB47OX65FBkPffO641IP9jWa1z4ivqG26Q==",
			"requires": {
				"fs.realpath": "^1.0.0",
				"inflight": "^1.0.4",
				"inherits": "2",
				"minimatch": "^3.0.4",
				"once": "^1.3.0",
				"path-is-absolute": "^1.0.0"
			}
		},
		"has": {
			"version": "1.0.3",
			"resolved": "https://registry.npmjs.org/has/-/has-1.0.3.tgz",
			"integrity": "sha512-f2dvO0VU6Oej7RkWJGrehjbzMAjFp5/VKPp5tTpWIV4JHHZK1/BxbFRtf/siA2SWTe09caDmVtYYzWEIbBS4zw==",
			"requires": {
				"function-bind": "^1.1.1"
			}
		},
		"has-symbols": {
			"version": "1.0.2",
			"resolved": "https://registry.npmjs.org/has-symbols/-/has-symbols-1.0.2.tgz",
			"integrity": "sha512-chXa79rL/UC2KlX17jo3vRGz0azaWEx5tGqZg5pO3NUyEJVB17dMruQlzCCOfUvElghKcm5194+BCRvi2Rv/Gw=="
		},
		"https-proxy-agent": {
			"version": "5.0.0",
			"resolved": "https://registry.npmjs.org/https-proxy-agent/-/https-proxy-agent-5.0.0.tgz",
			"integrity": "sha512-EkYm5BcKUGiduxzSt3Eppko+PiNWNEpa4ySk9vTC6wDsQJW9rHSa+UhGNJoRYp7bz6Ht1eaRIa6QaJqO5rCFbA==",
			"requires": {
				"agent-base": "6",
				"debug": "4"
			}
		},
		"inflight": {
			"version": "1.0.6",
			"resolved": "https://registry.npmjs.org/inflight/-/inflight-1.0.6.tgz",
			"integrity": "sha1-Sb1jMdfQLQwJvJEKEHW6gWW1bfk=",
			"requires": {
				"once": "^1.3.0",
				"wrappy": "1"
			}
		},
		"inherits": {
			"version": "2.0.4",
			"resolved": "https://registry.npmjs.org/inherits/-/inherits-2.0.4.tgz",
			"integrity": "sha512-k/vGaX4/Yla3WzyMCvTQOXYeIHvqOKtnqBduzTHpzpQZzAskKMhZ2K+EnBiSM9zGSoIFeMpXKxa4dYeZIQqewQ=="
		},
		"js-tokens": {
			"version": "4.0.0",
			"resolved": "https://registry.npmjs.org/js-tokens/-/js-tokens-4.0.0.tgz",
			"integrity": "sha512-RdJUflcE3cUzKiMqQgsCu06FPu9UdIJO0beYbPhHN4k6apgJtifcoCtT9bcxOpYBtpD2kCM6Sbzg4CausW/PKQ=="
		},
		"jsonwebtoken": {
			"version": "8.5.1",
			"resolved": "https://registry.npmjs.org/jsonwebtoken/-/jsonwebtoken-8.5.1.tgz",
			"integrity": "sha512-XjwVfRS6jTMsqYs0EsuJ4LGxXV14zQybNd4L2r0UvbVnSF9Af8x7p5MzbJ90Ioz/9TI41/hTCvznF/loiSzn8w==",
			"requires": {
				"jws": "^3.2.2",
				"lodash.includes": "^4.3.0",
				"lodash.isboolean": "^3.0.3",
				"lodash.isinteger": "^4.0.4",
				"lodash.isnumber": "^3.0.3",
				"lodash.isplainobject": "^4.0.6",
				"lodash.isstring": "^4.0.1",
				"lodash.once": "^4.0.0",
				"ms": "^2.1.1",
				"semver": "^5.6.0"
			}
		},
		"jwa": {
			"version": "1.4.1",
			"resolved": "https://registry.npmjs.org/jwa/-/jwa-1.4.1.tgz",
			"integrity": "sha512-qiLX/xhEEFKUAJ6FiBMbes3w9ATzyk5W7Hvzpa/SLYdxNtng+gcurvrI7TbACjIXlsJyr05/S1oUhZrc63evQA==",
			"requires": {
				"buffer-equal-constant-time": "1.0.1",
				"ecdsa-sig-formatter": "1.0.11",
				"safe-buffer": "^5.0.1"
			}
		},
		"jws": {
			"version": "3.2.2",
			"resolved": "https://registry.npmjs.org/jws/-/jws-3.2.2.tgz",
			"integrity": "sha512-YHlZCB6lMTllWDtSPHz/ZXTsi8S00usEV6v1tjq8tOUZzw7DpSDWVXjXDre6ed1w/pd495ODpHZYSdkRTsa0HA==",
			"requires": {
				"jwa": "^1.4.1",
				"safe-buffer": "^5.0.1"
			}
		},
		"lodash": {
			"version": "4.17.21",
			"resolved": "https://registry.npmjs.org/lodash/-/lodash-4.17.21.tgz",
			"integrity": "sha512-v2kDEe57lecTulaDIuNTPy3Ry4gLGJ6Z1O3vE1krgXZNrsQ+LFTGHVxVjcXPs17LhbZVGedAJv8XZ1tvj5FvSg=="
		},
		"lodash.includes": {
			"version": "4.3.0",
			"resolved": "https://registry.npmjs.org/lodash.includes/-/lodash.includes-4.3.0.tgz",
			"integrity": "sha1-YLuYqHy5I8aMoeUTJUgzFISfVT8="
		},
		"lodash.isboolean": {
			"version": "3.0.3",
			"resolved": "https://registry.npmjs.org/lodash.isboolean/-/lodash.isboolean-3.0.3.tgz",
			"integrity": "sha1-bC4XHbKiV82WgC/UOwGyDV9YcPY="
		},
		"lodash.isinteger": {
			"version": "4.0.4",
			"resolved": "https://registry.npmjs.org/lodash.isinteger/-/lodash.isinteger-4.0.4.tgz",
			"integrity": "sha1-YZwK89A/iwTDH1iChAt3sRzWg0M="
		},
		"lodash.isnumber": {
			"version": "3.0.3",
			"resolved": "https://registry.npmjs.org/lodash.isnumber/-/lodash.isnumber-3.0.3.tgz",
			"integrity": "sha1-POdoEMWSjQM1IwGsKHMX8RwLH/w="
		},
		"lodash.isplainobject": {
			"version": "4.0.6",
			"resolved": "https://registry.npmjs.org/lodash.isplainobject/-/lodash.isplainobject-4.0.6.tgz",
			"integrity": "sha1-fFJqUtibRcRcxpC4gWO+BJf1UMs="
		},
		"lodash.isstring": {
			"version": "4.0.1",
			"resolved": "https://registry.npmjs.org/lodash.isstring/-/lodash.isstring-4.0.1.tgz",
			"integrity": "sha1-1SfftUVuynzJu5XV2ur4i6VKVFE="
		},
		"lodash.once": {
			"version": "4.1.1",
			"resolved": "https://registry.npmjs.org/lodash.once/-/lodash.once-4.1.1.tgz",
			"integrity": "sha1-DdOXEhPHxW34gJd9UEyI+0cal6w="
		},
		"loose-envify": {
			"version": "1.4.0",
			"resolved": "https://registry.npmjs.org/loose-envify/-/loose-envify-1.4.0.tgz",
			"integrity": "sha512-lyuxPGr/Wfhrlem2CL/UcnUc1zcqKAImBDzukY7Y5F/yQiNdko6+fRLevlw1HgMySw7f611UIY408EtxRSoK3Q==",
			"requires": {
				"js-tokens": "^3.0.0 || ^4.0.0"
			}
		},
		"minimatch": {
			"version": "3.0.4",
			"resolved": "https://registry.npmjs.org/minimatch/-/minimatch-3.0.4.tgz",
			"integrity": "sha512-yJHVQEhyqPLUTgt9B83PXu6W3rx4MvvHvSUvToogpwoGDOUQ+yDrR0HRot+yOCdCO7u4hX3pWft6kWBBcqh0UA==",
			"requires": {
				"brace-expansion": "^1.1.7"
			}
		},
		"ms": {
			"version": "2.1.2",
			"resolved": "https://registry.npmjs.org/ms/-/ms-2.1.2.tgz",
			"integrity": "sha512-sGkPx+VjMtmA6MX27oA4FBFELFCZZ4S4XqeGOXCv68tT+jb3vk/RyaKWP0PTKyWtmLSM0b+adUTEvbs1PEaH2w=="
		},
		"object-assign": {
			"version": "4.1.1",
			"resolved": "https://registry.npmjs.org/object-assign/-/object-assign-4.1.1.tgz",
			"integrity": "sha1-IQmtx5ZYh8/AXLvUQsrIv7s2CGM="
		},
		"object-inspect": {
			"version": "1.12.0",
			"resolved": "https://registry.npmjs.org/object-inspect/-/object-inspect-1.12.0.tgz",
			"integrity": "sha512-Ho2z80bVIvJloH+YzRmpZVQe87+qASmBUKZDWgx9cu+KDrX2ZDH/3tMy+gXbZETVGs2M8YdxObOh7XAtim9Y0g=="
		},
		"once": {
			"version": "1.4.0",
			"resolved": "https://registry.npmjs.org/once/-/once-1.4.0.tgz",
			"integrity": "sha1-WDsap3WWHUsROsF9nFC6753Xa9E=",
			"requires": {
				"wrappy": "1"
			}
		},
		"path-is-absolute": {
			"version": "1.0.1",
			"resolved": "https://registry.npmjs.org/path-is-absolute/-/path-is-absolute-1.0.1.tgz",
			"integrity": "sha1-F0uSaHNVNP+8es5r9TpanhtcX18="
		},
		"pop-iterate": {
			"version": "1.0.1",
			"resolved": "https://registry.npmjs.org/pop-iterate/-/pop-iterate-1.0.1.tgz",
			"integrity": "sha1-zqz9q0q/NT16DyqqLB/Hs/lBO6M="
		},
		"q": {
			"version": "2.0.3",
			"resolved": "https://registry.npmjs.org/q/-/q-2.0.3.tgz",
			"integrity": "sha1-dbjbAlWhpa+C9Yw/Oqoe/sfQ0TQ=",
			"requires": {
				"asap": "^2.0.0",
				"pop-iterate": "^1.0.1",
				"weak-map": "^1.0.5"
			}
		},
		"qs": {
			"version": "6.10.2",
			"resolved": "https://registry.npmjs.org/qs/-/qs-6.10.2.tgz",
			"integrity": "sha512-mSIdjzqznWgfd4pMii7sHtaYF8rx8861hBO80SraY5GT0XQibWZWJSid0avzHGkDIZLImux2S5mXO0Hfct2QCw==",
			"requires": {
				"side-channel": "^1.0.4"
			}
		},
		"querystringify": {
			"version": "2.2.0",
			"resolved": "https://registry.npmjs.org/querystringify/-/querystringify-2.2.0.tgz",
			"integrity": "sha512-FIqgj2EUvTa7R50u0rGsyTftzjYmv/a3hO345bZNrqabNqjtgiDMgmo4mkUjd+nzU5oF3dClKqFIPUKybUyqoQ=="
		},
		"react": {
			"version": "17.0.2",
			"resolved": "https://registry.npmjs.org/react/-/react-17.0.2.tgz",
			"integrity": "sha512-gnhPt75i/dq/z3/6q/0asP78D0u592D5L1pd7M8P+dck6Fu/jJeL6iVVK23fptSUZj8Vjf++7wXA8UNclGQcbA==",
			"requires": {
				"loose-envify": "^1.1.0",
				"object-assign": "^4.1.1"
			}
		},
		"requires-port": {
			"version": "1.0.0",
			"resolved": "https://registry.npmjs.org/requires-port/-/requires-port-1.0.0.tgz",
			"integrity": "sha1-kl0mAdOaxIXgkc8NpcbmlNw9yv8="
		},
		"rimraf": {
			"version": "3.0.2",
			"resolved": "https://registry.npmjs.org/rimraf/-/rimraf-3.0.2.tgz",
			"integrity": "sha512-JZkJMZkAGFFPP2YqXZXPbMlMBgsxzE8ILs4lMIX/2o0L9UBw9O/Y3o6wFw/i9YLapcUJWwqbi3kdxIPdC62TIA==",
			"requires": {
				"glob": "^7.1.3"
			}
		},
		"rootpath": {
			"version": "0.1.2",
			"resolved": "https://registry.npmjs.org/rootpath/-/rootpath-0.1.2.tgz",
			"integrity": "sha1-Wzeah9ypBum5HWkKWZQ5vvJn6ms="
		},
		"safe-buffer": {
			"version": "5.2.1",
			"resolved": "https://registry.npmjs.org/safe-buffer/-/safe-buffer-5.2.1.tgz",
			"integrity": "sha512-rp3So07KcdmmKbGvgaNxQSJr7bGVSVk5S9Eq1F+ppbRo70+YeaDxkw5Dd8NPN+GD6bjnYm2VuPuCXmpuYvmCXQ=="
		},
		"scmp": {
			"version": "2.1.0",
			"resolved": "https://registry.npmjs.org/scmp/-/scmp-2.1.0.tgz",
			"integrity": "sha512-o/mRQGk9Rcer/jEEw/yw4mwo3EU/NvYvp577/Btqrym9Qy5/MdWGBqipbALgd2lrdWTJ5/gqDusxfnQBxOxT2Q=="
		},
		"semver": {
			"version": "5.7.1",
			"resolved": "https://registry.npmjs.org/semver/-/semver-5.7.1.tgz",
			"integrity": "sha512-sauaDf/PZdVgrLTNYHRtpXa1iRiKcaebiKQ1BJdpQlWH2lCvexQdX55snPFyK7QzpudqbCI0qXFfOasHdyNDGQ=="
		},
		"side-channel": {
			"version": "1.0.4",
			"resolved": "https://registry.npmjs.org/side-channel/-/side-channel-1.0.4.tgz",
			"integrity": "sha512-q5XPytqFEIKHkGdiMIrY10mvLRvnQh42/+GoBlFW3b2LXLE2xxJpZFdm94we0BaoV3RwJyGqg5wS7epxTv0Zvw==",
			"requires": {
				"call-bind": "^1.0.0",
				"get-intrinsic": "^1.0.2",
				"object-inspect": "^1.9.0"
			}
		},
		"twilio": {
			"version": "3.72.0",
			"resolved": "https://registry.npmjs.org/twilio/-/twilio-3.72.0.tgz",
			"integrity": "sha512-Nr5mPlPratfWa9ok2OQVSlqCtISncrUbhr1ab5j1P4jf0eRU8Og8EF0pCqn+4MKOHgoIn8yXbDjepVD4lpvctg==",
			"requires": {
				"axios": "^0.21.4",
				"dayjs": "^1.8.29",
				"https-proxy-agent": "^5.0.0",
				"jsonwebtoken": "^8.5.1",
				"lodash": "^4.17.21",
				"q": "2.0.x",
				"qs": "^6.9.4",
				"rootpath": "^0.1.2",
				"scmp": "^2.1.0",
				"url-parse": "^1.5.3",
				"xmlbuilder": "^13.0.2"
			}
		},
		"url-parse": {
			"version": "1.5.3",
			"resolved": "https://registry.npmjs.org/url-parse/-/url-parse-1.5.3.tgz",
			"integrity": "sha512-IIORyIQD9rvj0A4CLWsHkBBJuNqWpFQe224b6j9t/ABmquIS0qDU2pY6kl6AuOrL5OkCXHMCFNe1jBcuAggjvQ==",
			"requires": {
				"querystringify": "^2.1.1",
				"requires-port": "^1.0.0"
			}
		},
		"weak-map": {
			"version": "1.0.5",
			"resolved": "https://registry.npmjs.org/weak-map/-/weak-map-1.0.5.tgz",
			"integrity": "sha1-eWkVhNmGB/UHC9O3CkDmuyLkAes="
		},
		"wrappy": {
			"version": "1.0.2",
			"resolved": "https://registry.npmjs.org/wrappy/-/wrappy-1.0.2.tgz",
			"integrity": "sha1-tSQ9jz7BqjXxNkYFvA0QNuMKtp8="
		},
		"xmlbuilder": {
			"version": "13.0.2",
			"resolved": "https://registry.npmjs.org/xmlbuilder/-/xmlbuilder-13.0.2.tgz",
			"integrity": "sha512-Eux0i2QdDYKbdbA6AM6xE4m6ZTZr4G4xF9kahI2ukSEMCzwce2eX9WlTI5J3s+NU7hpasFsr8hWIONae7LluAQ=="
		}
	}
}
