{
  "name": "@tooljet-plugins/azureblobstorage",
  "version": "1.0.0",
  "lockfileVersion": 2,
  "requires": true,
  "packages": {
    "": {
      "name": "@tooljet-plugins/azureblobstorage",
      "version": "1.0.0",
      "dependencies": {
        "@azure/storage-blob": "^12.12.0",
        "@tooljet-plugins/common": "file:../common",
        "react": "^17.0.2"
      }
    },
    "../common": {
      "version": "1.0.0",
      "dependencies": {
        "react": "^17.0.2",
        "rimraf": "^3.0.2"
      }
    },
    "node_modules/@azure/abort-controller": {
      "version": "1.1.0",
      "resolved": "https://registry.npmjs.org/@azure/abort-controller/-/abort-controller-1.1.0.tgz",
      "integrity": "sha512-TrRLIoSQVzfAJX9H1JeFjzAoDGcoK1IYX1UImfceTZpsyYfWr09Ss1aHW1y5TrrR3iq6RZLBwJ3E24uwPhwahw==",
      "dependencies": {
        "tslib": "^2.2.0"
      },
      "engines": {
        "node": ">=12.0.0"
      }
    },
    "node_modules/@azure/core-auth": {
      "version": "1.4.0",
      "resolved": "https://registry.npmjs.org/@azure/core-auth/-/core-auth-1.4.0.tgz",
      "integrity": "sha512-HFrcTgmuSuukRf/EdPmqBrc5l6Q5Uu+2TbuhaKbgaCpP2TfAeiNaQPAadxO+CYBRHGUzIDteMAjFspFLDLnKVQ==",
      "dependencies": {
        "@azure/abort-controller": "^1.0.0",
        "tslib": "^2.2.0"
      },
      "engines": {
        "node": ">=12.0.0"
      }
    },
    "node_modules/@azure/core-http": {
      "version": "2.2.7",
      "resolved": "https://registry.npmjs.org/@azure/core-http/-/core-http-2.2.7.tgz",
      "integrity": "sha512-TyGMeDm90mkRS8XzSQbSMD+TqnWL1XKGCh0x0QVGMD8COH2yU0q5SaHm/IBEBkzcq0u73NhS/p57T3KVSgUFqQ==",
      "dependencies": {
        "@azure/abort-controller": "^1.0.0",
        "@azure/core-auth": "^1.3.0",
        "@azure/core-tracing": "1.0.0-preview.13",
        "@azure/core-util": "^1.1.0",
        "@azure/logger": "^1.0.0",
        "@types/node-fetch": "^2.5.0",
        "@types/tunnel": "^0.0.3",
        "form-data": "^4.0.0",
        "node-fetch": "^2.6.7",
        "process": "^0.11.10",
        "tough-cookie": "^4.0.0",
        "tslib": "^2.2.0",
        "tunnel": "^0.0.6",
        "uuid": "^8.3.0",
        "xml2js": "^0.4.19"
      },
      "engines": {
        "node": ">=12.0.0"
      }
    },
    "node_modules/@azure/core-lro": {
      "version": "2.4.0",
      "resolved": "https://registry.npmjs.org/@azure/core-lro/-/core-lro-2.4.0.tgz",
      "integrity": "sha512-F65+rYkll1dpw3RGm8/SSiSj+/QkMeYDanzS/QKlM1dmuneVyXbO46C88V1MRHluLGdMP6qfD3vDRYALn0z0tQ==",
      "dependencies": {
        "@azure/abort-controller": "^1.0.0",
        "@azure/logger": "^1.0.0",
        "tslib": "^2.2.0"
      },
      "engines": {
        "node": ">=12.0.0"
      }
    },
    "node_modules/@azure/core-paging": {
      "version": "1.3.0",
      "resolved": "https://registry.npmjs.org/@azure/core-paging/-/core-paging-1.3.0.tgz",
      "integrity": "sha512-H6Tg9eBm0brHqLy0OSAGzxIh1t4UL8eZVrSUMJ60Ra9cwq2pOskFqVpz2pYoHDsBY1jZ4V/P8LRGb5D5pmC6rg==",
      "dependencies": {
        "tslib": "^2.2.0"
      },
      "engines": {
        "node": ">=12.0.0"
      }
    },
    "node_modules/@azure/core-tracing": {
      "version": "1.0.0-preview.13",
      "resolved": "https://registry.npmjs.org/@azure/core-tracing/-/core-tracing-1.0.0-preview.13.tgz",
      "integrity": "sha512-KxDlhXyMlh2Jhj2ykX6vNEU0Vou4nHr025KoSEiz7cS3BNiHNaZcdECk/DmLkEB0as5T7b/TpRcehJ5yV6NeXQ==",
      "dependencies": {
        "@opentelemetry/api": "^1.0.1",
        "tslib": "^2.2.0"
      },
      "engines": {
        "node": ">=12.0.0"
      }
    },
    "node_modules/@azure/core-util": {
      "version": "1.1.1",
      "resolved": "https://registry.npmjs.org/@azure/core-util/-/core-util-1.1.1.tgz",
      "integrity": "sha512-A4TBYVQCtHOigFb2ETiiKFDocBoI1Zk2Ui1KpI42aJSIDexF7DHQFpnjonltXAIU/ceH+1fsZAWWgvX6/AKzog==",
      "dependencies": {
        "@azure/abort-controller": "^1.0.0",
        "tslib": "^2.2.0"
      },
      "engines": {
        "node": ">=12.0.0"
      }
    },
    "node_modules/@azure/logger": {
      "version": "1.0.3",
      "resolved": "https://registry.npmjs.org/@azure/logger/-/logger-1.0.3.tgz",
      "integrity": "sha512-aK4s3Xxjrx3daZr3VylxejK3vG5ExXck5WOHDJ8in/k9AqlfIyFMMT1uG7u8mNjX+QRILTIn0/Xgschfh/dQ9g==",
      "dependencies": {
        "tslib": "^2.2.0"
      },
      "engines": {
        "node": ">=12.0.0"
      }
    },
    "node_modules/@azure/storage-blob": {
      "version": "12.12.0",
      "resolved": "https://registry.npmjs.org/@azure/storage-blob/-/storage-blob-12.12.0.tgz",
      "integrity": "sha512-o/Mf6lkyYG/eBW4/hXB9864RxVNmAkcKHjsGR6Inlp5hupa3exjSyH2KjO3tLO//YGA+tS+17hM2bxRl9Sn16g==",
      "dependencies": {
        "@azure/abort-controller": "^1.0.0",
        "@azure/core-http": "^2.0.0",
        "@azure/core-lro": "^2.2.0",
        "@azure/core-paging": "^1.1.1",
        "@azure/core-tracing": "1.0.0-preview.13",
        "@azure/logger": "^1.0.0",
        "events": "^3.0.0",
        "tslib": "^2.2.0"
      },
      "engines": {
        "node": ">=12.0.0"
      }
    },
    "node_modules/@opentelemetry/api": {
      "version": "1.2.0",
      "resolved": "https://registry.npmjs.org/@opentelemetry/api/-/api-1.2.0.tgz",
      "integrity": "sha512-0nBr+VZNKm9tvNDZFstI3Pq1fCTEDK5OZTnVKNvBNAKgd0yIvmwsP4m61rEv7ZP+tOUjWJhROpxK5MsnlF911g==",
      "engines": {
        "node": ">=8.0.0"
      }
    },
    "node_modules/@tooljet-plugins/common": {
      "resolved": "../common",
      "link": true
    },
    "node_modules/@types/node": {
      "version": "18.11.7",
      "resolved": "https://registry.npmjs.org/@types/node/-/node-18.11.7.tgz",
      "integrity": "sha512-LhFTglglr63mNXUSRYD8A+ZAIu5sFqNJ4Y2fPuY7UlrySJH87rRRlhtVmMHplmfk5WkoJGmDjE9oiTfyX94CpQ=="
    },
    "node_modules/@types/node-fetch": {
      "version": "2.6.2",
      "resolved": "https://registry.npmjs.org/@types/node-fetch/-/node-fetch-2.6.2.tgz",
      "integrity": "sha512-DHqhlq5jeESLy19TYhLakJ07kNumXWjcDdxXsLUMJZ6ue8VZJj4kLPQVE/2mdHh3xZziNF1xppu5lwmS53HR+A==",
      "dependencies": {
        "@types/node": "*",
        "form-data": "^3.0.0"
      }
    },
    "node_modules/@types/node-fetch/node_modules/form-data": {
      "version": "3.0.1",
      "resolved": "https://registry.npmjs.org/form-data/-/form-data-3.0.1.tgz",
      "integrity": "sha512-RHkBKtLWUVwd7SqRIvCZMEvAMoGUp0XU+seQiZejj0COz3RI3hWP4sCv3gZWWLjJTd7rGwcsF5eKZGii0r/hbg==",
      "dependencies": {
        "asynckit": "^0.4.0",
        "combined-stream": "^1.0.8",
        "mime-types": "^2.1.12"
      },
      "engines": {
        "node": ">= 6"
      }
    },
    "node_modules/@types/tunnel": {
      "version": "0.0.3",
      "resolved": "https://registry.npmjs.org/@types/tunnel/-/tunnel-0.0.3.tgz",
      "integrity": "sha512-sOUTGn6h1SfQ+gbgqC364jLFBw2lnFqkgF3q0WovEHRLMrVD1sd5aufqi/aJObLekJO+Aq5z646U4Oxy6shXMA==",
      "dependencies": {
        "@types/node": "*"
      }
    },
    "node_modules/asynckit": {
      "version": "0.4.0",
      "resolved": "https://registry.npmjs.org/asynckit/-/asynckit-0.4.0.tgz",
      "integrity": "sha512-Oei9OH4tRh0YqU3GxhX79dM/mwVgvbZJaSNaRk+bshkj0S5cfHcgYakreBjrHwatXKbz+IoIdYLxrKim2MjW0Q=="
    },
    "node_modules/combined-stream": {
      "version": "1.0.8",
      "resolved": "https://registry.npmjs.org/combined-stream/-/combined-stream-1.0.8.tgz",
      "integrity": "sha512-FQN4MRfuJeHf7cBbBMJFXhKSDq+2kAArBlmRBvcvFE5BB1HZKXtSFASDhdlz9zOYwxh8lDdnvmMOe/+5cdoEdg==",
      "dependencies": {
        "delayed-stream": "~1.0.0"
      },
      "engines": {
        "node": ">= 0.8"
      }
    },
    "node_modules/delayed-stream": {
      "version": "1.0.0",
      "resolved": "https://registry.npmjs.org/delayed-stream/-/delayed-stream-1.0.0.tgz",
      "integrity": "sha512-ZySD7Nf91aLB0RxL4KGrKHBXl7Eds1DAmEdcoVawXnLD7SDhpNgtuII2aAkg7a7QS41jxPSZ17p4VdGnMHk3MQ==",
      "engines": {
        "node": ">=0.4.0"
      }
    },
    "node_modules/events": {
      "version": "3.3.0",
      "resolved": "https://registry.npmjs.org/events/-/events-3.3.0.tgz",
      "integrity": "sha512-mQw+2fkQbALzQ7V0MY0IqdnXNOeTtP4r0lN9z7AAawCXgqea7bDii20AYrIBrFd/Hx0M2Ocz6S111CaFkUcb0Q==",
      "engines": {
        "node": ">=0.8.x"
      }
    },
    "node_modules/form-data": {
      "version": "4.0.0",
      "resolved": "https://registry.npmjs.org/form-data/-/form-data-4.0.0.tgz",
      "integrity": "sha512-ETEklSGi5t0QMZuiXoA/Q6vcnxcLQP5vdugSpuAyi6SVGi2clPPp+xgEhuMaHC+zGgn31Kd235W35f7Hykkaww==",
      "dependencies": {
        "asynckit": "^0.4.0",
        "combined-stream": "^1.0.8",
        "mime-types": "^2.1.12"
      },
      "engines": {
        "node": ">= 6"
      }
    },
    "node_modules/js-tokens": {
      "version": "4.0.0",
      "resolved": "https://registry.npmjs.org/js-tokens/-/js-tokens-4.0.0.tgz",
      "integrity": "sha512-RdJUflcE3cUzKiMqQgsCu06FPu9UdIJO0beYbPhHN4k6apgJtifcoCtT9bcxOpYBtpD2kCM6Sbzg4CausW/PKQ=="
    },
    "node_modules/loose-envify": {
      "version": "1.4.0",
      "resolved": "https://registry.npmjs.org/loose-envify/-/loose-envify-1.4.0.tgz",
      "integrity": "sha512-lyuxPGr/Wfhrlem2CL/UcnUc1zcqKAImBDzukY7Y5F/yQiNdko6+fRLevlw1HgMySw7f611UIY408EtxRSoK3Q==",
      "dependencies": {
        "js-tokens": "^3.0.0 || ^4.0.0"
      },
      "bin": {
        "loose-envify": "cli.js"
      }
    },
    "node_modules/mime-db": {
      "version": "1.52.0",
      "resolved": "https://registry.npmjs.org/mime-db/-/mime-db-1.52.0.tgz",
      "integrity": "sha512-sPU4uV7dYlvtWJxwwxHD0PuihVNiE7TyAbQ5SWxDCB9mUYvOgroQOwYQQOKPJ8CIbE+1ETVlOoK1UC2nU3gYvg==",
      "engines": {
        "node": ">= 0.6"
      }
    },
    "node_modules/mime-types": {
      "version": "2.1.35",
      "resolved": "https://registry.npmjs.org/mime-types/-/mime-types-2.1.35.tgz",
      "integrity": "sha512-ZDY+bPm5zTTF+YpCrAU9nK0UgICYPT0QtT1NZWFv4s++TNkcgVaT0g6+4R2uI4MjQjzysHB1zxuWL50hzaeXiw==",
      "dependencies": {
        "mime-db": "1.52.0"
      },
      "engines": {
        "node": ">= 0.6"
      }
    },
    "node_modules/node-fetch": {
      "version": "2.6.7",
      "resolved": "https://registry.npmjs.org/node-fetch/-/node-fetch-2.6.7.tgz",
      "integrity": "sha512-ZjMPFEfVx5j+y2yF35Kzx5sF7kDzxuDj6ziH4FFbOp87zKDZNx8yExJIb05OGF4Nlt9IHFIMBkRl41VdvcNdbQ==",
      "dependencies": {
        "whatwg-url": "^5.0.0"
      },
      "engines": {
        "node": "4.x || >=6.0.0"
      },
      "peerDependencies": {
        "encoding": "^0.1.0"
      },
      "peerDependenciesMeta": {
        "encoding": {
          "optional": true
        }
      }
    },
    "node_modules/object-assign": {
      "version": "4.1.1",
      "resolved": "https://registry.npmjs.org/object-assign/-/object-assign-4.1.1.tgz",
      "integrity": "sha512-rJgTQnkUnH1sFw8yT6VSU3zD3sWmu6sZhIseY8VX+GRu3P6F7Fu+JNDoXfklElbLJSnc3FUQHVe4cU5hj+BcUg==",
      "engines": {
        "node": ">=0.10.0"
      }
    },
    "node_modules/process": {
      "version": "0.11.10",
      "resolved": "https://registry.npmjs.org/process/-/process-0.11.10.tgz",
      "integrity": "sha512-cdGef/drWFoydD1JsMzuFf8100nZl+GT+yacc2bEced5f9Rjk4z+WtFUTBu9PhOi9j/jfmBPu0mMEY4wIdAF8A==",
      "engines": {
        "node": ">= 0.6.0"
      }
    },
    "node_modules/psl": {
      "version": "1.9.0",
      "resolved": "https://registry.npmjs.org/psl/-/psl-1.9.0.tgz",
      "integrity": "sha512-E/ZsdU4HLs/68gYzgGTkMicWTLPdAftJLfJFlLUAAKZGkStNU72sZjT66SnMDVOfOWY/YAoiD7Jxa9iHvngcag=="
    },
    "node_modules/punycode": {
      "version": "2.1.1",
      "resolved": "https://registry.npmjs.org/punycode/-/punycode-2.1.1.tgz",
      "integrity": "sha512-XRsRjdf+j5ml+y/6GKHPZbrF/8p2Yga0JPtdqTIY2Xe5ohJPD9saDJJLPvp9+NSBprVvevdXZybnj2cv8OEd0A==",
      "engines": {
        "node": ">=6"
      }
    },
    "node_modules/querystringify": {
      "version": "2.2.0",
      "resolved": "https://registry.npmjs.org/querystringify/-/querystringify-2.2.0.tgz",
      "integrity": "sha512-FIqgj2EUvTa7R50u0rGsyTftzjYmv/a3hO345bZNrqabNqjtgiDMgmo4mkUjd+nzU5oF3dClKqFIPUKybUyqoQ=="
    },
    "node_modules/react": {
      "version": "17.0.2",
      "resolved": "https://registry.npmjs.org/react/-/react-17.0.2.tgz",
      "integrity": "sha512-gnhPt75i/dq/z3/6q/0asP78D0u592D5L1pd7M8P+dck6Fu/jJeL6iVVK23fptSUZj8Vjf++7wXA8UNclGQcbA==",
      "dependencies": {
        "loose-envify": "^1.1.0",
        "object-assign": "^4.1.1"
      },
      "engines": {
        "node": ">=0.10.0"
      }
    },
    "node_modules/requires-port": {
      "version": "1.0.0",
      "resolved": "https://registry.npmjs.org/requires-port/-/requires-port-1.0.0.tgz",
      "integrity": "sha512-KigOCHcocU3XODJxsu8i/j8T9tzT4adHiecwORRQ0ZZFcp7ahwXuRU1m+yuO90C5ZUyGeGfocHDI14M3L3yDAQ=="
    },
    "node_modules/sax": {
      "version": "1.2.4",
      "resolved": "https://registry.npmjs.org/sax/-/sax-1.2.4.tgz",
      "integrity": "sha512-NqVDv9TpANUjFm0N8uM5GxL36UgKi9/atZw+x7YFnQ8ckwFGKrl4xX4yWtrey3UJm5nP1kUbnYgLopqWNSRhWw=="
    },
    "node_modules/tough-cookie": {
      "version": "4.1.2",
      "resolved": "https://registry.npmjs.org/tough-cookie/-/tough-cookie-4.1.2.tgz",
      "integrity": "sha512-G9fqXWoYFZgTc2z8Q5zaHy/vJMjm+WV0AkAeHxVCQiEB1b+dGvWzFW6QV07cY5jQ5gRkeid2qIkzkxUnmoQZUQ==",
      "dependencies": {
        "psl": "^1.1.33",
        "punycode": "^2.1.1",
        "universalify": "^0.2.0",
        "url-parse": "^1.5.3"
      },
      "engines": {
        "node": ">=6"
      }
    },
    "node_modules/tr46": {
      "version": "0.0.3",
      "resolved": "https://registry.npmjs.org/tr46/-/tr46-0.0.3.tgz",
      "integrity": "sha512-N3WMsuqV66lT30CrXNbEjx4GEwlow3v6rr4mCcv6prnfwhS01rkgyFdjPNBYd9br7LpXV1+Emh01fHnq2Gdgrw=="
    },
    "node_modules/tslib": {
      "version": "2.4.0",
      "resolved": "https://registry.npmjs.org/tslib/-/tslib-2.4.0.tgz",
      "integrity": "sha512-d6xOpEDfsi2CZVlPQzGeux8XMwLT9hssAsaPYExaQMuYskwb+x1x7J371tWlbBdWHroy99KnVB6qIkUbs5X3UQ=="
    },
    "node_modules/tunnel": {
      "version": "0.0.6",
      "resolved": "https://registry.npmjs.org/tunnel/-/tunnel-0.0.6.tgz",
      "integrity": "sha512-1h/Lnq9yajKY2PEbBadPXj3VxsDDu844OnaAo52UVmIzIvwwtBPIuNvkjuzBlTWpfJyUbG3ez0KSBibQkj4ojg==",
      "engines": {
        "node": ">=0.6.11 <=0.7.0 || >=0.7.3"
      }
    },
    "node_modules/universalify": {
      "version": "0.2.0",
      "resolved": "https://registry.npmjs.org/universalify/-/universalify-0.2.0.tgz",
      "integrity": "sha512-CJ1QgKmNg3CwvAv/kOFmtnEN05f0D/cn9QntgNOQlQF9dgvVTHj3t+8JPdjqawCHk7V/KA+fbUqzZ9XWhcqPUg==",
      "engines": {
        "node": ">= 4.0.0"
      }
    },
    "node_modules/url-parse": {
      "version": "1.5.10",
      "resolved": "https://registry.npmjs.org/url-parse/-/url-parse-1.5.10.tgz",
      "integrity": "sha512-WypcfiRhfeUP9vvF0j6rw0J3hrWrw6iZv3+22h6iRMJ/8z1Tj6XfLP4DsUix5MhMPnXpiHDoKyoZ/bdCkwBCiQ==",
      "dependencies": {
        "querystringify": "^2.1.1",
        "requires-port": "^1.0.0"
      }
    },
    "node_modules/uuid": {
      "version": "8.3.2",
      "resolved": "https://registry.npmjs.org/uuid/-/uuid-8.3.2.tgz",
      "integrity": "sha512-+NYs2QeMWy+GWFOEm9xnn6HCDp0l7QBD7ml8zLUmJ+93Q5NF0NocErnwkTkXVFNiX3/fpC6afS8Dhb/gz7R7eg==",
      "bin": {
        "uuid": "dist/bin/uuid"
      }
    },
    "node_modules/webidl-conversions": {
      "version": "3.0.1",
      "resolved": "https://registry.npmjs.org/webidl-conversions/-/webidl-conversions-3.0.1.tgz",
      "integrity": "sha512-2JAn3z8AR6rjK8Sm8orRC0h/bcl/DqL7tRPdGZ4I1CjdF+EaMLmYxBHyXuKL849eucPFhvBoxMsflfOb8kxaeQ=="
    },
    "node_modules/whatwg-url": {
      "version": "5.0.0",
      "resolved": "https://registry.npmjs.org/whatwg-url/-/whatwg-url-5.0.0.tgz",
      "integrity": "sha512-saE57nupxk6v3HY35+jzBwYa0rKSy0XR8JSxZPwgLr7ys0IBzhGviA1/TUGJLmSVqs8pb9AnvICXEuOHLprYTw==",
      "dependencies": {
        "tr46": "~0.0.3",
        "webidl-conversions": "^3.0.0"
      }
    },
    "node_modules/xml2js": {
      "version": "0.4.23",
      "resolved": "https://registry.npmjs.org/xml2js/-/xml2js-0.4.23.tgz",
      "integrity": "sha512-ySPiMjM0+pLDftHgXY4By0uswI3SPKLDw/i3UXbnO8M/p28zqexCUoPmQFrYD+/1BzhGJSs2i1ERWKJAtiLrug==",
      "dependencies": {
        "sax": ">=0.6.0",
        "xmlbuilder": "~11.0.0"
      },
      "engines": {
        "node": ">=4.0.0"
      }
    },
    "node_modules/xmlbuilder": {
      "version": "11.0.1",
      "resolved": "https://registry.npmjs.org/xmlbuilder/-/xmlbuilder-11.0.1.tgz",
      "integrity": "sha512-fDlsI/kFEx7gLvbecc0/ohLG50fugQp8ryHzMTuW9vSa1GJ0XYWKnhsUx7oie3G98+r56aTQIUB4kht42R3JvA==",
      "engines": {
        "node": ">=4.0"
      }
    }
  },
  "dependencies": {
    "@azure/abort-controller": {
      "version": "1.1.0",
      "resolved": "https://registry.npmjs.org/@azure/abort-controller/-/abort-controller-1.1.0.tgz",
      "integrity": "sha512-TrRLIoSQVzfAJX9H1JeFjzAoDGcoK1IYX1UImfceTZpsyYfWr09Ss1aHW1y5TrrR3iq6RZLBwJ3E24uwPhwahw==",
      "requires": {
        "tslib": "^2.2.0"
      }
    },
    "@azure/core-auth": {
      "version": "1.4.0",
      "resolved": "https://registry.npmjs.org/@azure/core-auth/-/core-auth-1.4.0.tgz",
      "integrity": "sha512-HFrcTgmuSuukRf/EdPmqBrc5l6Q5Uu+2TbuhaKbgaCpP2TfAeiNaQPAadxO+CYBRHGUzIDteMAjFspFLDLnKVQ==",
      "requires": {
        "@azure/abort-controller": "^1.0.0",
        "tslib": "^2.2.0"
      }
    },
    "@azure/core-http": {
      "version": "2.2.7",
      "resolved": "https://registry.npmjs.org/@azure/core-http/-/core-http-2.2.7.tgz",
      "integrity": "sha512-TyGMeDm90mkRS8XzSQbSMD+TqnWL1XKGCh0x0QVGMD8COH2yU0q5SaHm/IBEBkzcq0u73NhS/p57T3KVSgUFqQ==",
      "requires": {
        "@azure/abort-controller": "^1.0.0",
        "@azure/core-auth": "^1.3.0",
        "@azure/core-tracing": "1.0.0-preview.13",
        "@azure/core-util": "^1.1.0",
        "@azure/logger": "^1.0.0",
        "@types/node-fetch": "^2.5.0",
        "@types/tunnel": "^0.0.3",
        "form-data": "^4.0.0",
        "node-fetch": "^2.6.7",
        "process": "^0.11.10",
        "tough-cookie": "^4.0.0",
        "tslib": "^2.2.0",
        "tunnel": "^0.0.6",
        "uuid": "^8.3.0",
        "xml2js": "^0.4.19"
      }
    },
    "@azure/core-lro": {
      "version": "2.4.0",
      "resolved": "https://registry.npmjs.org/@azure/core-lro/-/core-lro-2.4.0.tgz",
      "integrity": "sha512-F65+rYkll1dpw3RGm8/SSiSj+/QkMeYDanzS/QKlM1dmuneVyXbO46C88V1MRHluLGdMP6qfD3vDRYALn0z0tQ==",
      "requires": {
        "@azure/abort-controller": "^1.0.0",
        "@azure/logger": "^1.0.0",
        "tslib": "^2.2.0"
      }
    },
    "@azure/core-paging": {
      "version": "1.3.0",
      "resolved": "https://registry.npmjs.org/@azure/core-paging/-/core-paging-1.3.0.tgz",
      "integrity": "sha512-H6Tg9eBm0brHqLy0OSAGzxIh1t4UL8eZVrSUMJ60Ra9cwq2pOskFqVpz2pYoHDsBY1jZ4V/P8LRGb5D5pmC6rg==",
      "requires": {
        "tslib": "^2.2.0"
      }
    },
    "@azure/core-tracing": {
      "version": "1.0.0-preview.13",
      "resolved": "https://registry.npmjs.org/@azure/core-tracing/-/core-tracing-1.0.0-preview.13.tgz",
      "integrity": "sha512-KxDlhXyMlh2Jhj2ykX6vNEU0Vou4nHr025KoSEiz7cS3BNiHNaZcdECk/DmLkEB0as5T7b/TpRcehJ5yV6NeXQ==",
      "requires": {
        "@opentelemetry/api": "^1.0.1",
        "tslib": "^2.2.0"
      }
    },
    "@azure/core-util": {
      "version": "1.1.1",
      "resolved": "https://registry.npmjs.org/@azure/core-util/-/core-util-1.1.1.tgz",
      "integrity": "sha512-A4TBYVQCtHOigFb2ETiiKFDocBoI1Zk2Ui1KpI42aJSIDexF7DHQFpnjonltXAIU/ceH+1fsZAWWgvX6/AKzog==",
      "requires": {
        "@azure/abort-controller": "^1.0.0",
        "tslib": "^2.2.0"
      }
    },
    "@azure/logger": {
      "version": "1.0.3",
      "resolved": "https://registry.npmjs.org/@azure/logger/-/logger-1.0.3.tgz",
      "integrity": "sha512-aK4s3Xxjrx3daZr3VylxejK3vG5ExXck5WOHDJ8in/k9AqlfIyFMMT1uG7u8mNjX+QRILTIn0/Xgschfh/dQ9g==",
      "requires": {
        "tslib": "^2.2.0"
      }
    },
    "@azure/storage-blob": {
      "version": "12.12.0",
      "resolved": "https://registry.npmjs.org/@azure/storage-blob/-/storage-blob-12.12.0.tgz",
      "integrity": "sha512-o/Mf6lkyYG/eBW4/hXB9864RxVNmAkcKHjsGR6Inlp5hupa3exjSyH2KjO3tLO//YGA+tS+17hM2bxRl9Sn16g==",
      "requires": {
        "@azure/abort-controller": "^1.0.0",
        "@azure/core-http": "^2.0.0",
        "@azure/core-lro": "^2.2.0",
        "@azure/core-paging": "^1.1.1",
        "@azure/core-tracing": "1.0.0-preview.13",
        "@azure/logger": "^1.0.0",
        "events": "^3.0.0",
        "tslib": "^2.2.0"
      }
    },
    "@opentelemetry/api": {
      "version": "1.2.0",
      "resolved": "https://registry.npmjs.org/@opentelemetry/api/-/api-1.2.0.tgz",
      "integrity": "sha512-0nBr+VZNKm9tvNDZFstI3Pq1fCTEDK5OZTnVKNvBNAKgd0yIvmwsP4m61rEv7ZP+tOUjWJhROpxK5MsnlF911g=="
    },
    "@tooljet-plugins/common": {
      "version": "file:../common",
      "requires": {
        "react": "^17.0.2",
        "rimraf": "^3.0.2"
      }
    },
    "@types/node": {
      "version": "18.11.7",
      "resolved": "https://registry.npmjs.org/@types/node/-/node-18.11.7.tgz",
      "integrity": "sha512-LhFTglglr63mNXUSRYD8A+ZAIu5sFqNJ4Y2fPuY7UlrySJH87rRRlhtVmMHplmfk5WkoJGmDjE9oiTfyX94CpQ=="
    },
    "@types/node-fetch": {
      "version": "2.6.2",
      "resolved": "https://registry.npmjs.org/@types/node-fetch/-/node-fetch-2.6.2.tgz",
      "integrity": "sha512-DHqhlq5jeESLy19TYhLakJ07kNumXWjcDdxXsLUMJZ6ue8VZJj4kLPQVE/2mdHh3xZziNF1xppu5lwmS53HR+A==",
      "requires": {
        "@types/node": "*",
        "form-data": "^3.0.0"
      },
      "dependencies": {
        "form-data": {
          "version": "3.0.1",
          "resolved": "https://registry.npmjs.org/form-data/-/form-data-3.0.1.tgz",
          "integrity": "sha512-RHkBKtLWUVwd7SqRIvCZMEvAMoGUp0XU+seQiZejj0COz3RI3hWP4sCv3gZWWLjJTd7rGwcsF5eKZGii0r/hbg==",
          "requires": {
            "asynckit": "^0.4.0",
            "combined-stream": "^1.0.8",
            "mime-types": "^2.1.12"
          }
        }
      }
    },
    "@types/tunnel": {
      "version": "0.0.3",
      "resolved": "https://registry.npmjs.org/@types/tunnel/-/tunnel-0.0.3.tgz",
      "integrity": "sha512-sOUTGn6h1SfQ+gbgqC364jLFBw2lnFqkgF3q0WovEHRLMrVD1sd5aufqi/aJObLekJO+Aq5z646U4Oxy6shXMA==",
      "requires": {
        "@types/node": "*"
      }
    },
    "asynckit": {
      "version": "0.4.0",
      "resolved": "https://registry.npmjs.org/asynckit/-/asynckit-0.4.0.tgz",
      "integrity": "sha512-Oei9OH4tRh0YqU3GxhX79dM/mwVgvbZJaSNaRk+bshkj0S5cfHcgYakreBjrHwatXKbz+IoIdYLxrKim2MjW0Q=="
    },
    "combined-stream": {
      "version": "1.0.8",
      "resolved": "https://registry.npmjs.org/combined-stream/-/combined-stream-1.0.8.tgz",
      "integrity": "sha512-FQN4MRfuJeHf7cBbBMJFXhKSDq+2kAArBlmRBvcvFE5BB1HZKXtSFASDhdlz9zOYwxh8lDdnvmMOe/+5cdoEdg==",
      "requires": {
        "delayed-stream": "~1.0.0"
      }
    },
    "delayed-stream": {
      "version": "1.0.0",
      "resolved": "https://registry.npmjs.org/delayed-stream/-/delayed-stream-1.0.0.tgz",
      "integrity": "sha512-ZySD7Nf91aLB0RxL4KGrKHBXl7Eds1DAmEdcoVawXnLD7SDhpNgtuII2aAkg7a7QS41jxPSZ17p4VdGnMHk3MQ=="
    },
    "events": {
      "version": "3.3.0",
      "resolved": "https://registry.npmjs.org/events/-/events-3.3.0.tgz",
      "integrity": "sha512-mQw+2fkQbALzQ7V0MY0IqdnXNOeTtP4r0lN9z7AAawCXgqea7bDii20AYrIBrFd/Hx0M2Ocz6S111CaFkUcb0Q=="
    },
    "form-data": {
      "version": "4.0.0",
      "resolved": "https://registry.npmjs.org/form-data/-/form-data-4.0.0.tgz",
      "integrity": "sha512-ETEklSGi5t0QMZuiXoA/Q6vcnxcLQP5vdugSpuAyi6SVGi2clPPp+xgEhuMaHC+zGgn31Kd235W35f7Hykkaww==",
      "requires": {
        "asynckit": "^0.4.0",
        "combined-stream": "^1.0.8",
        "mime-types": "^2.1.12"
      }
    },
    "js-tokens": {
      "version": "4.0.0",
      "resolved": "https://registry.npmjs.org/js-tokens/-/js-tokens-4.0.0.tgz",
      "integrity": "sha512-RdJUflcE3cUzKiMqQgsCu06FPu9UdIJO0beYbPhHN4k6apgJtifcoCtT9bcxOpYBtpD2kCM6Sbzg4CausW/PKQ=="
    },
    "loose-envify": {
      "version": "1.4.0",
      "resolved": "https://registry.npmjs.org/loose-envify/-/loose-envify-1.4.0.tgz",
      "integrity": "sha512-lyuxPGr/Wfhrlem2CL/UcnUc1zcqKAImBDzukY7Y5F/yQiNdko6+fRLevlw1HgMySw7f611UIY408EtxRSoK3Q==",
      "requires": {
        "js-tokens": "^3.0.0 || ^4.0.0"
      }
    },
    "mime-db": {
      "version": "1.52.0",
      "resolved": "https://registry.npmjs.org/mime-db/-/mime-db-1.52.0.tgz",
      "integrity": "sha512-sPU4uV7dYlvtWJxwwxHD0PuihVNiE7TyAbQ5SWxDCB9mUYvOgroQOwYQQOKPJ8CIbE+1ETVlOoK1UC2nU3gYvg=="
    },
    "mime-types": {
      "version": "2.1.35",
      "resolved": "https://registry.npmjs.org/mime-types/-/mime-types-2.1.35.tgz",
      "integrity": "sha512-ZDY+bPm5zTTF+YpCrAU9nK0UgICYPT0QtT1NZWFv4s++TNkcgVaT0g6+4R2uI4MjQjzysHB1zxuWL50hzaeXiw==",
      "requires": {
        "mime-db": "1.52.0"
      }
    },
    "node-fetch": {
      "version": "2.6.7",
      "resolved": "https://registry.npmjs.org/node-fetch/-/node-fetch-2.6.7.tgz",
      "integrity": "sha512-ZjMPFEfVx5j+y2yF35Kzx5sF7kDzxuDj6ziH4FFbOp87zKDZNx8yExJIb05OGF4Nlt9IHFIMBkRl41VdvcNdbQ==",
      "requires": {
        "whatwg-url": "^5.0.0"
      }
    },
    "object-assign": {
      "version": "4.1.1",
      "resolved": "https://registry.npmjs.org/object-assign/-/object-assign-4.1.1.tgz",
      "integrity": "sha512-rJgTQnkUnH1sFw8yT6VSU3zD3sWmu6sZhIseY8VX+GRu3P6F7Fu+JNDoXfklElbLJSnc3FUQHVe4cU5hj+BcUg=="
    },
    "process": {
      "version": "0.11.10",
      "resolved": "https://registry.npmjs.org/process/-/process-0.11.10.tgz",
      "integrity": "sha512-cdGef/drWFoydD1JsMzuFf8100nZl+GT+yacc2bEced5f9Rjk4z+WtFUTBu9PhOi9j/jfmBPu0mMEY4wIdAF8A=="
    },
    "psl": {
      "version": "1.9.0",
      "resolved": "https://registry.npmjs.org/psl/-/psl-1.9.0.tgz",
      "integrity": "sha512-E/ZsdU4HLs/68gYzgGTkMicWTLPdAftJLfJFlLUAAKZGkStNU72sZjT66SnMDVOfOWY/YAoiD7Jxa9iHvngcag=="
    },
    "punycode": {
      "version": "2.1.1",
      "resolved": "https://registry.npmjs.org/punycode/-/punycode-2.1.1.tgz",
      "integrity": "sha512-XRsRjdf+j5ml+y/6GKHPZbrF/8p2Yga0JPtdqTIY2Xe5ohJPD9saDJJLPvp9+NSBprVvevdXZybnj2cv8OEd0A=="
    },
    "querystringify": {
      "version": "2.2.0",
      "resolved": "https://registry.npmjs.org/querystringify/-/querystringify-2.2.0.tgz",
      "integrity": "sha512-FIqgj2EUvTa7R50u0rGsyTftzjYmv/a3hO345bZNrqabNqjtgiDMgmo4mkUjd+nzU5oF3dClKqFIPUKybUyqoQ=="
    },
    "react": {
      "version": "17.0.2",
      "resolved": "https://registry.npmjs.org/react/-/react-17.0.2.tgz",
      "integrity": "sha512-gnhPt75i/dq/z3/6q/0asP78D0u592D5L1pd7M8P+dck6Fu/jJeL6iVVK23fptSUZj8Vjf++7wXA8UNclGQcbA==",
      "requires": {
        "loose-envify": "^1.1.0",
        "object-assign": "^4.1.1"
      }
    },
    "requires-port": {
      "version": "1.0.0",
      "resolved": "https://registry.npmjs.org/requires-port/-/requires-port-1.0.0.tgz",
      "integrity": "sha512-KigOCHcocU3XODJxsu8i/j8T9tzT4adHiecwORRQ0ZZFcp7ahwXuRU1m+yuO90C5ZUyGeGfocHDI14M3L3yDAQ=="
    },
    "sax": {
      "version": "1.2.4",
      "resolved": "https://registry.npmjs.org/sax/-/sax-1.2.4.tgz",
      "integrity": "sha512-NqVDv9TpANUjFm0N8uM5GxL36UgKi9/atZw+x7YFnQ8ckwFGKrl4xX4yWtrey3UJm5nP1kUbnYgLopqWNSRhWw=="
    },
    "tough-cookie": {
      "version": "4.1.2",
      "resolved": "https://registry.npmjs.org/tough-cookie/-/tough-cookie-4.1.2.tgz",
      "integrity": "sha512-G9fqXWoYFZgTc2z8Q5zaHy/vJMjm+WV0AkAeHxVCQiEB1b+dGvWzFW6QV07cY5jQ5gRkeid2qIkzkxUnmoQZUQ==",
      "requires": {
        "psl": "^1.1.33",
        "punycode": "^2.1.1",
        "universalify": "^0.2.0",
        "url-parse": "^1.5.3"
      }
    },
    "tr46": {
      "version": "0.0.3",
      "resolved": "https://registry.npmjs.org/tr46/-/tr46-0.0.3.tgz",
      "integrity": "sha512-N3WMsuqV66lT30CrXNbEjx4GEwlow3v6rr4mCcv6prnfwhS01rkgyFdjPNBYd9br7LpXV1+Emh01fHnq2Gdgrw=="
    },
    "tslib": {
      "version": "2.4.0",
      "resolved": "https://registry.npmjs.org/tslib/-/tslib-2.4.0.tgz",
      "integrity": "sha512-d6xOpEDfsi2CZVlPQzGeux8XMwLT9hssAsaPYExaQMuYskwb+x1x7J371tWlbBdWHroy99KnVB6qIkUbs5X3UQ=="
    },
    "tunnel": {
      "version": "0.0.6",
      "resolved": "https://registry.npmjs.org/tunnel/-/tunnel-0.0.6.tgz",
      "integrity": "sha512-1h/Lnq9yajKY2PEbBadPXj3VxsDDu844OnaAo52UVmIzIvwwtBPIuNvkjuzBlTWpfJyUbG3ez0KSBibQkj4ojg=="
    },
    "universalify": {
      "version": "0.2.0",
      "resolved": "https://registry.npmjs.org/universalify/-/universalify-0.2.0.tgz",
      "integrity": "sha512-CJ1QgKmNg3CwvAv/kOFmtnEN05f0D/cn9QntgNOQlQF9dgvVTHj3t+8JPdjqawCHk7V/KA+fbUqzZ9XWhcqPUg=="
    },
    "url-parse": {
      "version": "1.5.10",
      "resolved": "https://registry.npmjs.org/url-parse/-/url-parse-1.5.10.tgz",
      "integrity": "sha512-WypcfiRhfeUP9vvF0j6rw0J3hrWrw6iZv3+22h6iRMJ/8z1Tj6XfLP4DsUix5MhMPnXpiHDoKyoZ/bdCkwBCiQ==",
      "requires": {
        "querystringify": "^2.1.1",
        "requires-port": "^1.0.0"
      }
    },
    "uuid": {
      "version": "8.3.2",
      "resolved": "https://registry.npmjs.org/uuid/-/uuid-8.3.2.tgz",
      "integrity": "sha512-+NYs2QeMWy+GWFOEm9xnn6HCDp0l7QBD7ml8zLUmJ+93Q5NF0NocErnwkTkXVFNiX3/fpC6afS8Dhb/gz7R7eg=="
    },
    "webidl-conversions": {
      "version": "3.0.1",
      "resolved": "https://registry.npmjs.org/webidl-conversions/-/webidl-conversions-3.0.1.tgz",
      "integrity": "sha512-2JAn3z8AR6rjK8Sm8orRC0h/bcl/DqL7tRPdGZ4I1CjdF+EaMLmYxBHyXuKL849eucPFhvBoxMsflfOb8kxaeQ=="
    },
    "whatwg-url": {
      "version": "5.0.0",
      "resolved": "https://registry.npmjs.org/whatwg-url/-/whatwg-url-5.0.0.tgz",
      "integrity": "sha512-saE57nupxk6v3HY35+jzBwYa0rKSy0XR8JSxZPwgLr7ys0IBzhGviA1/TUGJLmSVqs8pb9AnvICXEuOHLprYTw==",
      "requires": {
        "tr46": "~0.0.3",
        "webidl-conversions": "^3.0.0"
      }
    },
    "xml2js": {
      "version": "0.4.23",
      "resolved": "https://registry.npmjs.org/xml2js/-/xml2js-0.4.23.tgz",
      "integrity": "sha512-ySPiMjM0+pLDftHgXY4By0uswI3SPKLDw/i3UXbnO8M/p28zqexCUoPmQFrYD+/1BzhGJSs2i1ERWKJAtiLrug==",
      "requires": {
        "sax": ">=0.6.0",
        "xmlbuilder": "~11.0.0"
      }
    },
    "xmlbuilder": {
      "version": "11.0.1",
      "resolved": "https://registry.npmjs.org/xmlbuilder/-/xmlbuilder-11.0.1.tgz",
      "integrity": "sha512-fDlsI/kFEx7gLvbecc0/ohLG50fugQp8ryHzMTuW9vSa1GJ0XYWKnhsUx7oie3G98+r56aTQIUB4kht42R3JvA=="
    }
  }
}
