dependencies:
- name: postgresql
  repository: https://charts.bitnami.com/bitnami
  version: 11.1.3
- name: redis
  repository: https://charts.bitnami.com/bitnami
  version: 16.9.1
digest: sha256:2f05c369147e7ccbde170cfebcca9df05731cbe49879188a533ad6c8b21c9a34
generated: "2022-05-10T13:36:35.832914+05:30"
