{
	"name": "typesenseapi",
	"version": "1.0.0",
	"lockfileVersion": 1,
	"requires": true,
	"dependencies": {
		"axios": {
			"version": "0.21.4",
			"resolved": "https://registry.npmjs.org/axios/-/axios-0.21.4.tgz",
			"integrity": "sha512-ut5vewkiu8jjGBdqpM44XxjuCjq9LAKeHVmoVfHVzy8eHgxxq8SbAVQNovDA8mVi05kP0Ea/n/UzcSHcTJQfNg==",
			"requires": {
				"follow-redirects": "^1.14.0"
			}
		},
		"follow-redirects": {
			"version": "1.14.6",
			"resolved": "https://registry.npmjs.org/follow-redirects/-/follow-redirects-1.14.6.tgz",
			"integrity": "sha512-fhUl5EwSJbbl8AR+uYL2KQDxLkdSjZGR36xy46AO7cOMTrCMON6Sa28FmAnC2tRTDbd/Uuzz3aJBv7EBN7JH8A=="
		},
		"loglevel": {
			"version": "1.8.0",
			"resolved": "https://registry.npmjs.org/loglevel/-/loglevel-1.8.0.tgz",
			"integrity": "sha512-G6A/nJLRgWOuuwdNuA6koovfEV1YpqqAG4pRUlFaz3jj2QNZ8M4vBqnVA+HBTmU/AMNUtlOsMmSpF6NyOjztbA=="
		},
		"typesense": {
			"version": "1.0.2",
			"resolved": "https://registry.npmjs.org/typesense/-/typesense-1.0.2.tgz",
			"integrity": "sha512-eMg+yUVejnyEBwSHX4bo8ascFhg6RWLur14hd4oQNdmINbDHwYBpZe+HcFyL2WgcSr8rWlYEblHdF8R9blcjng==",
			"requires": {
				"axios": "^0.21.1",
				"loglevel": "^1.7.1"
			}
		}
	}
}
